
Microsoft Visual Studio Solution File, Format Version 12.00
# Visual Studio Version 16
VisualStudioVersion = 16.0.29609.76
MinimumVisualStudioVersion = 10.0.40219.1
Project("{9A19103F-16F7-4668-BE54-9A1E7A4F7556}") = "EchoServer", "EchoServer\EchoServer.csproj", "{FA30FB10-71B1-49BF-A82F-68AA1175F258}"
EndProject
Project("{FAE04EC0-301F-11D3-BF4B-00C04F79EFBC}") = "EchoClient", "EchoClient\EchoClient.csproj", "{19D478F2-3E8B-4CB5-BD33-F5C680196396}"
EndProject
Global
	GlobalSection(SolutionConfigurationPlatforms) = preSolution
		Debug|Any CPU = Debug|Any CPU
		Release|Any CPU = Release|Any CPU
	EndGlobalSection
	GlobalSection(ProjectConfigurationPlatforms) = postSolution
		{FA30FB10-71B1-49BF-A82F-68AA1175F258}.Debug|Any CPU.ActiveCfg = Debug|Any CPU
		{FA30FB10-71B1-49BF-A82F-68AA1175F258}.Debug|Any CPU.Build.0 = Debug|Any CPU
		{FA30FB10-71B1-49BF-A82F-68AA1175F258}.Release|Any CPU.ActiveCfg = Release|Any CPU
		{FA30FB10-71B1-49BF-A82F-68AA1175F258}.Release|Any CPU.Build.0 = Release|Any CPU
		{19D478F2-3E8B-4CB5-BD33-F5C680196396}.Debug|Any CPU.ActiveCfg = Debug|Any CPU
		{19D478F2-3E8B-4CB5-BD33-F5C680196396}.Debug|Any CPU.Build.0 = Debug|Any CPU
		{19D478F2-3E8B-4CB5-BD33-F5C680196396}.Release|Any CPU.ActiveCfg = Release|Any CPU
		{19D478F2-3E8B-4CB5-BD33-F5C680196396}.Release|Any CPU.Build.0 = Release|Any CPU
	EndGlobalSection
	GlobalSection(SolutionProperties) = preSolution
		HideSolutionNode = FALSE
	EndGlobalSection
	GlobalSection(ExtensibilityGlobals) = postSolution
		SolutionGuid = {4D1ED23D-0AEF-42D3-9059-C3343421196D}
	EndGlobalSection
EndGlobal
